// !$*UTF8*$!
{
	archiveVersion = 1;
	classes = {
	};
	objectVersion = 50;
	objects = {

/* Begin PBXBuildFile section */
		0115710D2090FD08002E9B71 /* DOOperationVC.m in Sources */ = {isa = PBXBuildFile; fileRef = 0115710C2090FD08002E9B71 /* DOOperationVC.m */; };
		01A10F89208E63E600382781 /* AppDelegate.m in Sources */ = {isa = PBXBuildFile; fileRef = 01A10F88208E63E600382781 /* AppDelegate.m */; };
		01A10F91208E63E700382781 /* Assets.xcassets in Resources */ = {isa = PBXBuildFile; fileRef = 01A10F90208E63E700382781 /* Assets.xcassets */; };
		01A10F94208E63E700382781 /* LaunchScreen.storyboard in Resources */ = {isa = PBXBuildFile; fileRef = 01A10F92208E63E700382781 /* LaunchScreen.storyboard */; };
		01A10F97208E63E700382781 /* main.m in Sources */ = {isa = PBXBuildFile; fileRef = 01A10F96208E63E700382781 /* main.m */; };
		01A10FA1208E63E700382781 /* MultithreadDemoTests.m in Sources */ = {isa = PBXBuildFile; fileRef = 01A10FA0208E63E700382781 /* MultithreadDemoTests.m */; };
		01A10FAC208E63E700382781 /* MultithreadDemoUITests.m in Sources */ = {isa = PBXBuildFile; fileRef = 01A10FAB208E63E700382781 /* MultithreadDemoUITests.m */; };
		01A10FBE208E642100382781 /* DORootVC.m in Sources */ = {isa = PBXBuildFile; fileRef = 01A10FBD208E642100382781 /* DORootVC.m */; };
		01A10FC1208E675200382781 /* DOBaseTableView.m in Sources */ = {isa = PBXBuildFile; fileRef = 01A10FC0208E675200382781 /* DOBaseTableView.m */; };
		01A10FC7208E69D200382781 /* DOTypeListTableView.m in Sources */ = {isa = PBXBuildFile; fileRef = 01A10FC6208E69D200382781 /* DOTypeListTableView.m */; };
		01A10FCE208E712F00382781 /* DOTypeListCell.m in Sources */ = {isa = PBXBuildFile; fileRef = 01A10FCD208E712F00382781 /* DOTypeListCell.m */; };
		01A10FD6208E744900382781 /* DOpthreadVC.m in Sources */ = {isa = PBXBuildFile; fileRef = 01A10FD5208E744900382781 /* DOpthreadVC.m */; };
		01A10FDA208E7CC800382781 /* DOThreadVC.m in Sources */ = {isa = PBXBuildFile; fileRef = 01A10FD9208E7CC800382781 /* DOThreadVC.m */; };
		01A10FDE208E7DBA00382781 /* DOThreadTableView.m in Sources */ = {isa = PBXBuildFile; fileRef = 01A10FDD208E7DBA00382781 /* DOThreadTableView.m */; };
		01A10FE1208E7DD200382781 /* DOThreadCell.m in Sources */ = {isa = PBXBuildFile; fileRef = 01A10FE0208E7DD200382781 /* DOThreadCell.m */; };
		01A10FE8208E885300382781 /* DOSimulationVC.m in Sources */ = {isa = PBXBuildFile; fileRef = 01A10FE7208E885300382781 /* DOSimulationVC.m */; };
		01A10FED208E8EC100382781 /* DORunLoopVC.m in Sources */ = {isa = PBXBuildFile; fileRef = 01A10FEC208E8EC100382781 /* DORunLoopVC.m */; };
		01A10FF1208E8FA900382781 /* DORunLoopTableView.m in Sources */ = {isa = PBXBuildFile; fileRef = 01A10FF0208E8FA900382781 /* DORunLoopTableView.m */; };
		01A10FF4208E8FC400382781 /* DORunLoopCell.m in Sources */ = {isa = PBXBuildFile; fileRef = 01A10FF3208E8FC300382781 /* DORunLoopCell.m */; };
		01A10FF8208E908400382781 /* DORunLoopCellModel.m in Sources */ = {isa = PBXBuildFile; fileRef = 01A10FF7208E908400382781 /* DORunLoopCellModel.m */; };
		01BEDC8D208FE98C00AFF6F2 /* DOTypeListSectionHeader.m in Sources */ = {isa = PBXBuildFile; fileRef = 01BEDC8C208FE98C00AFF6F2 /* DOTypeListSectionHeader.m */; };
		01BEDC91208FEC6600AFF6F2 /* DOGCDVC.m in Sources */ = {isa = PBXBuildFile; fileRef = 01BEDC90208FEC6600AFF6F2 /* DOGCDVC.m */; };
		01BEDC95208FECE300AFF6F2 /* DOGCDTableView.m in Sources */ = {isa = PBXBuildFile; fileRef = 01BEDC94208FECE300AFF6F2 /* DOGCDTableView.m */; };
		01BEDC98208FECFB00AFF6F2 /* DOGCDCell.m in Sources */ = {isa = PBXBuildFile; fileRef = 01BEDC97208FECFB00AFF6F2 /* DOGCDCell.m */; };
		01BEDCA0208FF03F00AFF6F2 /* DOThreadCellModel.m in Sources */ = {isa = PBXBuildFile; fileRef = 01BEDC9E208FF03F00AFF6F2 /* DOThreadCellModel.m */; };
		01BEDCA4208FF14D00AFF6F2 /* DOTypeCellModel.m in Sources */ = {isa = PBXBuildFile; fileRef = 01BEDCA3208FF14D00AFF6F2 /* DOTypeCellModel.m */; };
		01BEDCA8208FF1F600AFF6F2 /* DOGCDCellModel.m in Sources */ = {isa = PBXBuildFile; fileRef = 01BEDCA7208FF1F600AFF6F2 /* DOGCDCellModel.m */; };
/* End PBXBuildFile section */

/* Begin PBXContainerItemProxy section */
		01A10F9D208E63E700382781 /* PBXContainerItemProxy */ = {
			isa = PBXContainerItemProxy;
			containerPortal = 01A10F7C208E63E600382781 /* Project object */;
			proxyType = 1;
			remoteGlobalIDString = 01A10F83208E63E600382781;
			remoteInfo = MultithreadDemo;
		};
		01A10FA8208E63E700382781 /* PBXContainerItemProxy */ = {
			isa = PBXContainerItemProxy;
			containerPortal = 01A10F7C208E63E600382781 /* Project object */;
			proxyType = 1;
			remoteGlobalIDString = 01A10F83208E63E600382781;
			remoteInfo = MultithreadDemo;
		};
/* End PBXContainerItemProxy section */

/* Begin PBXFileReference section */
		0115710B2090FD08002E9B71 /* DOOperationVC.h */ = {isa = PBXFileReference; lastKnownFileType = sourcecode.c.h; path = DOOperationVC.h; sourceTree = "<group>"; };
		0115710C2090FD08002E9B71 /* DOOperationVC.m */ = {isa = PBXFileReference; lastKnownFileType = sourcecode.c.objc; path = DOOperationVC.m; sourceTree = "<group>"; };
		01A10F84208E63E600382781 /* MultithreadDemo.app */ = {isa = PBXFileReference; explicitFileType = wrapper.application; includeInIndex = 0; path = MultithreadDemo.app; sourceTree = BUILT_PRODUCTS_DIR; };
		01A10F87208E63E600382781 /* AppDelegate.h */ = {isa = PBXFileReference; lastKnownFileType = sourcecode.c.h; path = AppDelegate.h; sourceTree = "<group>"; };
		01A10F88208E63E600382781 /* AppDelegate.m */ = {isa = PBXFileReference; lastKnownFileType = sourcecode.c.objc; path = AppDelegate.m; sourceTree = "<group>"; };
		01A10F90208E63E700382781 /* Assets.xcassets */ = {isa = PBXFileReference; lastKnownFileType = folder.assetcatalog; path = Assets.xcassets; sourceTree = "<group>"; };
		01A10F93208E63E700382781 /* Base */ = {isa = PBXFileReference; lastKnownFileType = file.storyboard; name = Base; path = Base.lproj/LaunchScreen.storyboard; sourceTree = "<group>"; };
		01A10F95208E63E700382781 /* Info.plist */ = {isa = PBXFileReference; lastKnownFileType = text.plist.xml; path = Info.plist; sourceTree = "<group>"; };
		01A10F96208E63E700382781 /* main.m */ = {isa = PBXFileReference; lastKnownFileType = sourcecode.c.objc; path = main.m; sourceTree = "<group>"; };
		01A10F9C208E63E700382781 /* MultithreadDemoTests.xctest */ = {isa = PBXFileReference; explicitFileType = wrapper.cfbundle; includeInIndex = 0; path = MultithreadDemoTests.xctest; sourceTree = BUILT_PRODUCTS_DIR; };
		01A10FA0208E63E700382781 /* MultithreadDemoTests.m */ = {isa = PBXFileReference; lastKnownFileType = sourcecode.c.objc; path = MultithreadDemoTests.m; sourceTree = "<group>"; };
		01A10FA2208E63E700382781 /* Info.plist */ = {isa = PBXFileReference; lastKnownFileType = text.plist.xml; path = Info.plist; sourceTree = "<group>"; };
		01A10FA7208E63E700382781 /* MultithreadDemoUITests.xctest */ = {isa = PBXFileReference; explicitFileType = wrapper.cfbundle; includeInIndex = 0; path = MultithreadDemoUITests.xctest; sourceTree = BUILT_PRODUCTS_DIR; };
		01A10FAB208E63E700382781 /* MultithreadDemoUITests.m */ = {isa = PBXFileReference; lastKnownFileType = sourcecode.c.objc; path = MultithreadDemoUITests.m; sourceTree = "<group>"; };
		01A10FAD208E63E700382781 /* Info.plist */ = {isa = PBXFileReference; lastKnownFileType = text.plist.xml; path = Info.plist; sourceTree = "<group>"; };
		01A10FBC208E642100382781 /* DORootVC.h */ = {isa = PBXFileReference; lastKnownFileType = sourcecode.c.h; path = DORootVC.h; sourceTree = "<group>"; };
		01A10FBD208E642100382781 /* DORootVC.m */ = {isa = PBXFileReference; lastKnownFileType = sourcecode.c.objc; path = DORootVC.m; sourceTree = "<group>"; };
		01A10FBF208E675200382781 /* DOBaseTableView.h */ = {isa = PBXFileReference; lastKnownFileType = sourcecode.c.h; path = DOBaseTableView.h; sourceTree = "<group>"; };
		01A10FC0208E675200382781 /* DOBaseTableView.m */ = {isa = PBXFileReference; lastKnownFileType = sourcecode.c.objc; path = DOBaseTableView.m; sourceTree = "<group>"; };
		01A10FC3208E683400382781 /* BaseTableViewProtocol.h */ = {isa = PBXFileReference; lastKnownFileType = sourcecode.c.h; path = BaseTableViewProtocol.h; sourceTree = "<group>"; };
		01A10FC5208E69D200382781 /* DOTypeListTableView.h */ = {isa = PBXFileReference; lastKnownFileType = sourcecode.c.h; path = DOTypeListTableView.h; sourceTree = "<group>"; };
		01A10FC6208E69D200382781 /* DOTypeListTableView.m */ = {isa = PBXFileReference; lastKnownFileType = sourcecode.c.objc; path = DOTypeListTableView.m; sourceTree = "<group>"; };
		01A10FCC208E712F00382781 /* DOTypeListCell.h */ = {isa = PBXFileReference; lastKnownFileType = sourcecode.c.h; path = DOTypeListCell.h; sourceTree = "<group>"; };
		01A10FCD208E712F00382781 /* DOTypeListCell.m */ = {isa = PBXFileReference; lastKnownFileType = sourcecode.c.objc; path = DOTypeListCell.m; sourceTree = "<group>"; };
		01A10FD4208E744900382781 /* DOpthreadVC.h */ = {isa = PBXFileReference; lastKnownFileType = sourcecode.c.h; path = DOpthreadVC.h; sourceTree = "<group>"; };
		01A10FD5208E744900382781 /* DOpthreadVC.m */ = {isa = PBXFileReference; lastKnownFileType = sourcecode.c.objc; path = DOpthreadVC.m; sourceTree = "<group>"; };
		01A10FD8208E7CC800382781 /* DOThreadVC.h */ = {isa = PBXFileReference; lastKnownFileType = sourcecode.c.h; path = DOThreadVC.h; sourceTree = "<group>"; };
		01A10FD9208E7CC800382781 /* DOThreadVC.m */ = {isa = PBXFileReference; lastKnownFileType = sourcecode.c.objc; path = DOThreadVC.m; sourceTree = "<group>"; };
		01A10FDC208E7DBA00382781 /* DOThreadTableView.h */ = {isa = PBXFileReference; lastKnownFileType = sourcecode.c.h; path = DOThreadTableView.h; sourceTree = "<group>"; };
		01A10FDD208E7DBA00382781 /* DOThreadTableView.m */ = {isa = PBXFileReference; lastKnownFileType = sourcecode.c.objc; path = DOThreadTableView.m; sourceTree = "<group>"; };
		01A10FDF208E7DD200382781 /* DOThreadCell.h */ = {isa = PBXFileReference; lastKnownFileType = sourcecode.c.h; path = DOThreadCell.h; sourceTree = "<group>"; };
		01A10FE0208E7DD200382781 /* DOThreadCell.m */ = {isa = PBXFileReference; lastKnownFileType = sourcecode.c.objc; path = DOThreadCell.m; sourceTree = "<group>"; };
		01A10FE6208E885300382781 /* DOSimulationVC.h */ = {isa = PBXFileReference; lastKnownFileType = sourcecode.c.h; path = DOSimulationVC.h; sourceTree = "<group>"; };
		01A10FE7208E885300382781 /* DOSimulationVC.m */ = {isa = PBXFileReference; lastKnownFileType = sourcecode.c.objc; path = DOSimulationVC.m; sourceTree = "<group>"; };
		01A10FEB208E8EC100382781 /* DORunLoopVC.h */ = {isa = PBXFileReference; lastKnownFileType = sourcecode.c.h; path = DORunLoopVC.h; sourceTree = "<group>"; };
		01A10FEC208E8EC100382781 /* DORunLoopVC.m */ = {isa = PBXFileReference; lastKnownFileType = sourcecode.c.objc; path = DORunLoopVC.m; sourceTree = "<group>"; };
		01A10FEF208E8FA900382781 /* DORunLoopTableView.h */ = {isa = PBXFileReference; lastKnownFileType = sourcecode.c.h; path = DORunLoopTableView.h; sourceTree = "<group>"; };
		01A10FF0208E8FA900382781 /* DORunLoopTableView.m */ = {isa = PBXFileReference; lastKnownFileType = sourcecode.c.objc; path = DORunLoopTableView.m; sourceTree = "<group>"; };
		01A10FF2208E8FC300382781 /* DORunLoopCell.h */ = {isa = PBXFileReference; lastKnownFileType = sourcecode.c.h; path = DORunLoopCell.h; sourceTree = "<group>"; };
		01A10FF3208E8FC300382781 /* DORunLoopCell.m */ = {isa = PBXFileReference; lastKnownFileType = sourcecode.c.objc; path = DORunLoopCell.m; sourceTree = "<group>"; };
		01A10FF6208E908400382781 /* DORunLoopCellModel.h */ = {isa = PBXFileReference; lastKnownFileType = sourcecode.c.h; path = DORunLoopCellModel.h; sourceTree = "<group>"; };
		01A10FF7208E908400382781 /* DORunLoopCellModel.m */ = {isa = PBXFileReference; lastKnownFileType = sourcecode.c.objc; path = DORunLoopCellModel.m; sourceTree = "<group>"; };
		01BEDC8B208FE98C00AFF6F2 /* DOTypeListSectionHeader.h */ = {isa = PBXFileReference; lastKnownFileType = sourcecode.c.h; path = DOTypeListSectionHeader.h; sourceTree = "<group>"; };
		01BEDC8C208FE98C00AFF6F2 /* DOTypeListSectionHeader.m */ = {isa = PBXFileReference; lastKnownFileType = sourcecode.c.objc; path = DOTypeListSectionHeader.m; sourceTree = "<group>"; };
		01BEDC8F208FEC6600AFF6F2 /* DOGCDVC.h */ = {isa = PBXFileReference; lastKnownFileType = sourcecode.c.h; path = DOGCDVC.h; sourceTree = "<group>"; };
		01BEDC90208FEC6600AFF6F2 /* DOGCDVC.m */ = {isa = PBXFileReference; lastKnownFileType = sourcecode.c.objc; path = DOGCDVC.m; sourceTree = "<group>"; };
		01BEDC93208FECE300AFF6F2 /* DOGCDTableView.h */ = {isa = PBXFileReference; lastKnownFileType = sourcecode.c.h; path = DOGCDTableView.h; sourceTree = "<group>"; };
		01BEDC94208FECE300AFF6F2 /* DOGCDTableView.m */ = {isa = PBXFileReference; lastKnownFileType = sourcecode.c.objc; path = DOGCDTableView.m; sourceTree = "<group>"; };
		01BEDC96208FECFB00AFF6F2 /* DOGCDCell.h */ = {isa = PBXFileReference; lastKnownFileType = sourcecode.c.h; path = DOGCDCell.h; sourceTree = "<group>"; };
		01BEDC97208FECFB00AFF6F2 /* DOGCDCell.m */ = {isa = PBXFileReference; lastKnownFileType = sourcecode.c.objc; path = DOGCDCell.m; sourceTree = "<group>"; };
		01BEDC9E208FF03F00AFF6F2 /* DOThreadCellModel.m */ = {isa = PBXFileReference; fileEncoding = 4; lastKnownFileType = sourcecode.c.objc; path = DOThreadCellModel.m; sourceTree = "<group>"; };
		01BEDC9F208FF03F00AFF6F2 /* DOThreadCellModel.h */ = {isa = PBXFileReference; fileEncoding = 4; lastKnownFileType = sourcecode.c.h; path = DOThreadCellModel.h; sourceTree = "<group>"; };
		01BEDCA2208FF14D00AFF6F2 /* DOTypeCellModel.h */ = {isa = PBXFileReference; fileEncoding = 4; lastKnownFileType = sourcecode.c.h; path = DOTypeCellModel.h; sourceTree = "<group>"; };
		01BEDCA3208FF14D00AFF6F2 /* DOTypeCellModel.m */ = {isa = PBXFileReference; fileEncoding = 4; lastKnownFileType = sourcecode.c.objc; path = DOTypeCellModel.m; sourceTree = "<group>"; };
		01BEDCA6208FF1F600AFF6F2 /* DOGCDCellModel.h */ = {isa = PBXFileReference; lastKnownFileType = sourcecode.c.h; path = DOGCDCellModel.h; sourceTree = "<group>"; };
		01BEDCA7208FF1F600AFF6F2 /* DOGCDCellModel.m */ = {isa = PBXFileReference; lastKnownFileType = sourcecode.c.objc; path = DOGCDCellModel.m; sourceTree = "<group>"; };
/* End PBXFileReference section */

/* Begin PBXFrameworksBuildPhase section */
		01A10F81208E63E600382781 /* Frameworks */ = {
			isa = PBXFrameworksBuildPhase;
			buildActionMask = 2147483647;
			files = (
			);
			runOnlyForDeploymentPostprocessing = 0;
		};
		01A10F99208E63E700382781 /* Frameworks */ = {
			isa = PBXFrameworksBuildPhase;
			buildActionMask = 2147483647;
			files = (
			);
			runOnlyForDeploymentPostprocessing = 0;
		};
		01A10FA4208E63E700382781 /* Frameworks */ = {
			isa = PBXFrameworksBuildPhase;
			buildActionMask = 2147483647;
			files = (
			);
			runOnlyForDeploymentPostprocessing = 0;
		};
/* End PBXFrameworksBuildPhase section */

/* Begin PBXGroup section */
		0115710A2090FCF0002E9B71 /* Controller */ = {
			isa = PBXGroup;
			children = (
				0115710B2090FD08002E9B71 /* DOOperationVC.h */,
				0115710C2090FD08002E9B71 /* DOOperationVC.m */,
			);
			path = Controller;
			sourceTree = "<group>";
		};
		01A10F7B208E63E600382781 = {
			isa = PBXGroup;
			children = (
				01A10F86208E63E600382781 /* MultithreadDemo */,
				01A10F9F208E63E700382781 /* MultithreadDemoTests */,
				01A10FAA208E63E700382781 /* MultithreadDemoUITests */,
				01A10F85208E63E600382781 /* Products */,
			);
			sourceTree = "<group>";
		};
		01A10F85208E63E600382781 /* Products */ = {
			isa = PBXGroup;
			children = (
				01A10F84208E63E600382781 /* MultithreadDemo.app */,
				01A10F9C208E63E700382781 /* MultithreadDemoTests.xctest */,
				01A10FA7208E63E700382781 /* MultithreadDemoUITests.xctest */,
			);
			name = Products;
			sourceTree = "<group>";
		};
		01A10F86208E63E600382781 /* MultithreadDemo */ = {
			isa = PBXGroup;
			children = (
				01A10FCF208E72A300382781 /* ThreadType */,
				01A10FD0208E73B500382781 /* pthread */,
				01A10FD1208E73C800382781 /* NSThread */,
				01A10FD2208E73CF00382781 /* GCD */,
				01A10FD3208E73D500382781 /* NSOperation */,
				01A10FE9208E8E9700382781 /* NSRunLoop */,
				01A10FC2208E680F00382781 /* Protocol */,
				01A10FBA208E63F700382781 /* Bases */,
				01A10FB9208E63F000382781 /* Resources */,
			);
			path = MultithreadDemo;
			sourceTree = "<group>";
		};
		01A10F9F208E63E700382781 /* MultithreadDemoTests */ = {
			isa = PBXGroup;
			children = (
				01A10FA0208E63E700382781 /* MultithreadDemoTests.m */,
				01A10FA2208E63E700382781 /* Info.plist */,
			);
			path = MultithreadDemoTests;
			sourceTree = "<group>";
		};
		01A10FAA208E63E700382781 /* MultithreadDemoUITests */ = {
			isa = PBXGroup;
			children = (
				01A10FAB208E63E700382781 /* MultithreadDemoUITests.m */,
				01A10FAD208E63E700382781 /* Info.plist */,
			);
			path = MultithreadDemoUITests;
			sourceTree = "<group>";
		};
		01A10FB9208E63F000382781 /* Resources */ = {
			isa = PBXGroup;
			children = (
				01A10F90208E63E700382781 /* Assets.xcassets */,
				01A10F92208E63E700382781 /* LaunchScreen.storyboard */,
				01A10F95208E63E700382781 /* Info.plist */,
				01A10F96208E63E700382781 /* main.m */,
			);
			path = Resources;
			sourceTree = "<group>";
		};
		01A10FBA208E63F700382781 /* Bases */ = {
			isa = PBXGroup;
			children = (
				01A10F87208E63E600382781 /* AppDelegate.h */,
				01A10F88208E63E600382781 /* AppDelegate.m */,
				01A10FBF208E675200382781 /* DOBaseTableView.h */,
				01A10FC0208E675200382781 /* DOBaseTableView.m */,
			);
			path = Bases;
			sourceTree = "<group>";
		};
		01A10FBB208E640F00382781 /* Controller */ = {
			isa = PBXGroup;
			children = (
				01A10FBC208E642100382781 /* DORootVC.h */,
				01A10FBD208E642100382781 /* DORootVC.m */,
			);
			path = Controller;
			sourceTree = "<group>";
		};
		01A10FC2208E680F00382781 /* Protocol */ = {
			isa = PBXGroup;
			children = (
				01A10FC3208E683400382781 /* BaseTableViewProtocol.h */,
			);
			path = Protocol;
			sourceTree = "<group>";
		};
		01A10FC4208E691900382781 /* View */ = {
			isa = PBXGroup;
			children = (
				01A10FC5208E69D200382781 /* DOTypeListTableView.h */,
				01A10FC6208E69D200382781 /* DOTypeListTableView.m */,
				01BEDC8B208FE98C00AFF6F2 /* DOTypeListSectionHeader.h */,
				01BEDC8C208FE98C00AFF6F2 /* DOTypeListSectionHeader.m */,
				01A10FCC208E712F00382781 /* DOTypeListCell.h */,
				01A10FCD208E712F00382781 /* DOTypeListCell.m */,
			);
			path = View;
			sourceTree = "<group>";
		};
		01A10FCF208E72A300382781 /* ThreadType */ = {
			isa = PBXGroup;
			children = (
				01BEDCA1208FF13B00AFF6F2 /* Model */,
				01A10FC4208E691900382781 /* View */,
				01A10FBB208E640F00382781 /* Controller */,
			);
			path = ThreadType;
			sourceTree = "<group>";
		};
		01A10FD0208E73B500382781 /* pthread */ = {
			isa = PBXGroup;
			children = (
				01A10FD4208E744900382781 /* DOpthreadVC.h */,
				01A10FD5208E744900382781 /* DOpthreadVC.m */,
			);
			path = pthread;
			sourceTree = "<group>";
		};
		01A10FD1208E73C800382781 /* NSThread */ = {
			isa = PBXGroup;
			children = (
				01BEDC9D208FF03200AFF6F2 /* Model */,
				01A10FDB208E7DA600382781 /* View */,
				01A10FD7208E7CB200382781 /* Controller */,
			);
			path = NSThread;
			sourceTree = "<group>";
		};
		01A10FD2208E73CF00382781 /* GCD */ = {
			isa = PBXGroup;
			children = (
				01BEDCA5208FF1E600AFF6F2 /* Model */,
				01BEDC92208FECD100AFF6F2 /* View */,
				01BEDC8E208FEC3500AFF6F2 /* Controller */,
			);
			path = GCD;
			sourceTree = "<group>";
		};
		01A10FD3208E73D500382781 /* NSOperation */ = {
			isa = PBXGroup;
			children = (
				0115710A2090FCF0002E9B71 /* Controller */,
			);
			path = NSOperation;
			sourceTree = "<group>";
		};
		01A10FD7208E7CB200382781 /* Controller */ = {
			isa = PBXGroup;
			children = (
				01A10FD8208E7CC800382781 /* DOThreadVC.h */,
				01A10FD9208E7CC800382781 /* DOThreadVC.m */,
				01A10FE6208E885300382781 /* DOSimulationVC.h */,
				01A10FE7208E885300382781 /* DOSimulationVC.m */,
			);
			path = Controller;
			sourceTree = "<group>";
		};
		01A10FDB208E7DA600382781 /* View */ = {
			isa = PBXGroup;
			children = (
				01A10FDC208E7DBA00382781 /* DOThreadTableView.h */,
				01A10FDD208E7DBA00382781 /* DOThreadTableView.m */,
				01A10FDF208E7DD200382781 /* DOThreadCell.h */,
				01A10FE0208E7DD200382781 /* DOThreadCell.m */,
			);
			path = View;
			sourceTree = "<group>";
		};
		01A10FE9208E8E9700382781 /* NSRunLoop */ = {
			isa = PBXGroup;
			children = (
				01A10FF5208E907100382781 /* Model */,
				01A10FEE208E8F9400382781 /* View */,
				01A10FEA208E8EAE00382781 /* Controller */,
			);
			path = NSRunLoop;
			sourceTree = "<group>";
		};
		01A10FEA208E8EAE00382781 /* Controller */ = {
			isa = PBXGroup;
			children = (
				01A10FEB208E8EC100382781 /* DORunLoopVC.h */,
				01A10FEC208E8EC100382781 /* DORunLoopVC.m */,
			);
			path = Controller;
			sourceTree = "<group>";
		};
		01A10FEE208E8F9400382781 /* View */ = {
			isa = PBXGroup;
			children = (
				01A10FEF208E8FA900382781 /* DORunLoopTableView.h */,
				01A10FF0208E8FA900382781 /* DORunLoopTableView.m */,
				01A10FF2208E8FC300382781 /* DORunLoopCell.h */,
				01A10FF3208E8FC300382781 /* DORunLoopCell.m */,
			);
			path = View;
			sourceTree = "<group>";
		};
		01A10FF5208E907100382781 /* Model */ = {
			isa = PBXGroup;
			children = (
				01A10FF6208E908400382781 /* DORunLoopCellModel.h */,
				01A10FF7208E908400382781 /* DORunLoopCellModel.m */,
			);
			path = Model;
			sourceTree = "<group>";
		};
		01BEDC8E208FEC3500AFF6F2 /* Controller */ = {
			isa = PBXGroup;
			children = (
				01BEDC8F208FEC6600AFF6F2 /* DOGCDVC.h */,
				01BEDC90208FEC6600AFF6F2 /* DOGCDVC.m */,
			);
			path = Controller;
			sourceTree = "<group>";
		};
		01BEDC92208FECD100AFF6F2 /* View */ = {
			isa = PBXGroup;
			children = (
				01BEDC93208FECE300AFF6F2 /* DOGCDTableView.h */,
				01BEDC94208FECE300AFF6F2 /* DOGCDTableView.m */,
				01BEDC96208FECFB00AFF6F2 /* DOGCDCell.h */,
				01BEDC97208FECFB00AFF6F2 /* DOGCDCell.m */,
			);
			path = View;
			sourceTree = "<group>";
		};
		01BEDC9D208FF03200AFF6F2 /* Model */ = {
			isa = PBXGroup;
			children = (
				01BEDC9F208FF03F00AFF6F2 /* DOThreadCellModel.h */,
				01BEDC9E208FF03F00AFF6F2 /* DOThreadCellModel.m */,
			);
			path = Model;
			sourceTree = "<group>";
		};
		01BEDCA1208FF13B00AFF6F2 /* Model */ = {
			isa = PBXGroup;
			children = (
				01BEDCA2208FF14D00AFF6F2 /* DOTypeCellModel.h */,
				01BEDCA3208FF14D00AFF6F2 /* DOTypeCellModel.m */,
			);
			path = Model;
			sourceTree = "<group>";
		};
		01BEDCA5208FF1E600AFF6F2 /* Model */ = {
			isa = PBXGroup;
			children = (
				01BEDCA6208FF1F600AFF6F2 /* DOGCDCellModel.h */,
				01BEDCA7208FF1F600AFF6F2 /* DOGCDCellModel.m */,
			);
			path = Model;
			sourceTree = "<group>";
		};
/* End PBXGroup section */

/* Begin PBXNativeTarget section */
		01A10F83208E63E600382781 /* MultithreadDemo */ = {
			isa = PBXNativeTarget;
			buildConfigurationList = 01A10FB0208E63E700382781 /* Build configuration list for PBXNativeTarget "MultithreadDemo" */;
			buildPhases = (
				01A10F80208E63E600382781 /* Sources */,
				01A10F81208E63E600382781 /* Frameworks */,
				01A10F82208E63E600382781 /* Resources */,
			);
			buildRules = (
			);
			dependencies = (
			);
			name = MultithreadDemo;
			productName = MultithreadDemo;
			productReference = 01A10F84208E63E600382781 /* MultithreadDemo.app */;
			productType = "com.apple.product-type.application";
		};
		01A10F9B208E63E700382781 /* MultithreadDemoTests */ = {
			isa = PBXNativeTarget;
			buildConfigurationList = 01A10FB3208E63E700382781 /* Build configuration list for PBXNativeTarget "MultithreadDemoTests" */;
			buildPhases = (
				01A10F98208E63E700382781 /* Sources */,
				01A10F99208E63E700382781 /* Frameworks */,
				01A10F9A208E63E700382781 /* Resources */,
			);
			buildRules = (
			);
			dependencies = (
				01A10F9E208E63E700382781 /* PBXTargetDependency */,
			);
			name = MultithreadDemoTests;
			productName = MultithreadDemoTests;
			productReference = 01A10F9C208E63E700382781 /* MultithreadDemoTests.xctest */;
			productType = "com.apple.product-type.bundle.unit-test";
		};
		01A10FA6208E63E700382781 /* MultithreadDemoUITests */ = {
			isa = PBXNativeTarget;
			buildConfigurationList = 01A10FB6208E63E700382781 /* Build configuration list for PBXNativeTarget "MultithreadDemoUITests" */;
			buildPhases = (
				01A10FA3208E63E700382781 /* Sources */,
				01A10FA4208E63E700382781 /* Frameworks */,
				01A10FA5208E63E700382781 /* Resources */,
			);
			buildRules = (
			);
			dependencies = (
				01A10FA9208E63E700382781 /* PBXTargetDependency */,
			);
			name = MultithreadDemoUITests;
			productName = MultithreadDemoUITests;
			productReference = 01A10FA7208E63E700382781 /* MultithreadDemoUITests.xctest */;
			productType = "com.apple.product-type.bundle.ui-testing";
		};
/* End PBXNativeTarget section */

/* Begin PBXProject section */
		01A10F7C208E63E600382781 /* Project object */ = {
			isa = PBXProject;
			attributes = {
				LastUpgradeCheck = 0930;
				ORGANIZATIONNAME = Dino;
				TargetAttributes = {
					01A10F83208E63E600382781 = {
						CreatedOnToolsVersion = 9.3;
					};
					01A10F9B208E63E700382781 = {
						CreatedOnToolsVersion = 9.3;
						TestTargetID = 01A10F83208E63E600382781;
					};
					01A10FA6208E63E700382781 = {
						CreatedOnToolsVersion = 9.3;
						TestTargetID = 01A10F83208E63E600382781;
					};
				};
			};
			buildConfigurationList = 01A10F7F208E63E600382781 /* Build configuration list for PBXProject "MultithreadDemo" */;
			compatibilityVersion = "Xcode 9.3";
			developmentRegion = en;
			hasScannedForEncodings = 0;
			knownRegions = (
				en,
				Base,
			);
			mainGroup = 01A10F7B208E63E600382781;
			productRefGroup = 01A10F85208E63E600382781 /* Products */;
			projectDirPath = "";
			projectRoot = "";
			targets = (
				01A10F83208E63E600382781 /* MultithreadDemo */,
				01A10F9B208E63E700382781 /* MultithreadDemoTests */,
				01A10FA6208E63E700382781 /* MultithreadDemoUITests */,
			);
		};
/* End PBXProject section */

/* Begin PBXResourcesBuildPhase section */
		01A10F82208E63E600382781 /* Resources */ = {
			isa = PBXResourcesBuildPhase;
			buildActionMask = 2147483647;
			files = (
				01A10F94208E63E700382781 /* LaunchScreen.storyboard in Resources */,
				01A10F91208E63E700382781 /* Assets.xcassets in Resources */,
			);
			runOnlyForDeploymentPostprocessing = 0;
		};
		01A10F9A208E63E700382781 /* Resources */ = {
			isa = PBXResourcesBuildPhase;
			buildActionMask = 2147483647;
			files = (
			);
			runOnlyForDeploymentPostprocessing = 0;
		};
		01A10FA5208E63E700382781 /* Resources */ = {
			isa = PBXResourcesBuildPhase;
			buildActionMask = 2147483647;
			files = (
			);
			runOnlyForDeploymentPostprocessing = 0;
		};
/* End PBXResourcesBuildPhase section */

/* Begin PBXSourcesBuildPhase section */
		01A10F80208E63E600382781 /* Sources */ = {
			isa = PBXSourcesBuildPhase;
			buildActionMask = 2147483647;
			files = (
				01A10FC7208E69D200382781 /* DOTypeListTableView.m in Sources */,
				01A10FBE208E642100382781 /* DORootVC.m in Sources */,
				01A10FDA208E7CC800382781 /* DOThreadVC.m in Sources */,
				01A10FC1208E675200382781 /* DOBaseTableView.m in Sources */,
				01A10F97208E63E700382781 /* main.m in Sources */,
				01A10FE8208E885300382781 /* DOSimulationVC.m in Sources */,
				01BEDC98208FECFB00AFF6F2 /* DOGCDCell.m in Sources */,
				0115710D2090FD08002E9B71 /* DOOperationVC.m in Sources */,
				01BEDCA4208FF14D00AFF6F2 /* DOTypeCellModel.m in Sources */,
				01BEDC95208FECE300AFF6F2 /* DOGCDTableView.m in Sources */,
				01BEDCA8208FF1F600AFF6F2 /* DOGCDCellModel.m in Sources */,
				01A10FE1208E7DD200382781 /* DOThreadCell.m in Sources */,
				01A10FD6208E744900382781 /* DOpthreadVC.m in Sources */,
				01A10FF1208E8FA900382781 /* DORunLoopTableView.m in Sources */,
				01A10F89208E63E600382781 /* AppDelegate.m in Sources */,
				01A10FF4208E8FC400382781 /* DORunLoopCell.m in Sources */,
				01BEDC91208FEC6600AFF6F2 /* DOGCDVC.m in Sources */,
				01A10FDE208E7DBA00382781 /* DOThreadTableView.m in Sources */,
				01A10FF8208E908400382781 /* DORunLoopCellModel.m in Sources */,
				01BEDCA0208FF03F00AFF6F2 /* DOThreadCellModel.m in Sources */,
				01BEDC8D208FE98C00AFF6F2 /* DOTypeListSectionHeader.m in Sources */,
				01A10FCE208E712F00382781 /* DOTypeListCell.m in Sources */,
				01A10FED208E8EC100382781 /* DORunLoopVC.m in Sources */,
			);
			runOnlyForDeploymentPostprocessing = 0;
		};
		01A10F98208E63E700382781 /* Sources */ = {
			isa = PBXSourcesBuildPhase;
			buildActionMask = 2147483647;
			files = (
				01A10FA1208E63E700382781 /* MultithreadDemoTests.m in Sources */,
			);
			runOnlyForDeploymentPostprocessing = 0;
		};
		01A10FA3208E63E700382781 /* Sources */ = {
			isa = PBXSourcesBuildPhase;
			buildActionMask = 2147483647;
			files = (
				01A10FAC208E63E700382781 /* MultithreadDemoUITests.m in Sources */,
			);
			runOnlyForDeploymentPostprocessing = 0;
		};
/* End PBXSourcesBuildPhase section */

/* Begin PBXTargetDependency section */
		01A10F9E208E63E700382781 /* PBXTargetDependency */ = {
			isa = PBXTargetDependency;
			target = 01A10F83208E63E600382781 /* MultithreadDemo */;
			targetProxy = 01A10F9D208E63E700382781 /* PBXContainerItemProxy */;
		};
		01A10FA9208E63E700382781 /* PBXTargetDependency */ = {
			isa = PBXTargetDependency;
			target = 01A10F83208E63E600382781 /* MultithreadDemo */;
			targetProxy = 01A10FA8208E63E700382781 /* PBXContainerItemProxy */;
		};
/* End PBXTargetDependency section */

/* Begin PBXVariantGroup section */
		01A10F92208E63E700382781 /* LaunchScreen.storyboard */ = {
			isa = PBXVariantGroup;
			children = (
				01A10F93208E63E700382781 /* Base */,
			);
			name = LaunchScreen.storyboard;
			sourceTree = "<group>";
		};
/* End PBXVariantGroup section */

/* Begin XCBuildConfiguration section */
		01A10FAE208E63E700382781 /* Debug */ = {
			isa = XCBuildConfiguration;
			buildSettings = {
				ALWAYS_SEARCH_USER_PATHS = NO;
				CLANG_ANALYZER_NONNULL = YES;
				CLANG_ANALYZER_NUMBER_OBJECT_CONVERSION = YES_AGGRESSIVE;
				CLANG_CXX_LANGUAGE_STANDARD = "gnu++14";
				CLANG_CXX_LIBRARY = "libc++";
				CLANG_ENABLE_MODULES = YES;
				CLANG_ENABLE_OBJC_ARC = YES;
				CLANG_ENABLE_OBJC_WEAK = YES;
				CLANG_WARN_BLOCK_CAPTURE_AUTORELEASING = YES;
				CLANG_WARN_BOOL_CONVERSION = YES;
				CLANG_WARN_COMMA = YES;
				CLANG_WARN_CONSTANT_CONVERSION = YES;
				CLANG_WARN_DEPRECATED_OBJC_IMPLEMENTATIONS = YES;
				CLANG_WARN_DIRECT_OBJC_ISA_USAGE = YES_ERROR;
				CLANG_WARN_DOCUMENTATION_COMMENTS = YES;
				CLANG_WARN_EMPTY_BODY = YES;
				CLANG_WARN_ENUM_CONVERSION = YES;
				CLANG_WARN_INFINITE_RECURSION = YES;
				CLANG_WARN_INT_CONVERSION = YES;
				CLANG_WARN_NON_LITERAL_NULL_CONVERSION = YES;
				CLANG_WARN_OBJC_IMPLICIT_RETAIN_SELF = YES;
				CLANG_WARN_OBJC_LITERAL_CONVERSION = YES;
				CLANG_WARN_OBJC_ROOT_CLASS = YES_ERROR;
				CLANG_WARN_RANGE_LOOP_ANALYSIS = YES;
				CLANG_WARN_STRICT_PROTOTYPES = YES;
				CLANG_WARN_SUSPICIOUS_MOVE = YES;
				CLANG_WARN_UNGUARDED_AVAILABILITY = YES_AGGRESSIVE;
				CLANG_WARN_UNREACHABLE_CODE = YES;
				CLANG_WARN__DUPLICATE_METHOD_MATCH = YES;
				CODE_SIGN_IDENTITY = "iPhone Developer";
				COPY_PHASE_STRIP = NO;
				DEBUG_INFORMATION_FORMAT = dwarf;
				ENABLE_STRICT_OBJC_MSGSEND = YES;
				ENABLE_TESTABILITY = YES;
				GCC_C_LANGUAGE_STANDARD = gnu11;
				GCC_DYNAMIC_NO_PIC = NO;
				GCC_NO_COMMON_BLOCKS = YES;
				GCC_OPTIMIZATION_LEVEL = 0;
				GCC_PREPROCESSOR_DEFINITIONS = (
					"DEBUG=1",
					"$(inherited)",
				);
				GCC_WARN_64_TO_32_BIT_CONVERSION = YES;
				GCC_WARN_ABOUT_RETURN_TYPE = YES_ERROR;
				GCC_WARN_UNDECLARED_SELECTOR = YES;
				GCC_WARN_UNINITIALIZED_AUTOS = YES_AGGRESSIVE;
				GCC_WARN_UNUSED_FUNCTION = YES;
				GCC_WARN_UNUSED_VARIABLE = YES;
				IPHONEOS_DEPLOYMENT_TARGET = 11.3;
				MTL_ENABLE_DEBUG_INFO = YES;
				ONLY_ACTIVE_ARCH = YES;
				SDKROOT = iphoneos;
			};
			name = Debug;
		};
		01A10FAF208E63E700382781 /* Release */ = {
			isa = XCBuildConfiguration;
			buildSettings = {
				ALWAYS_SEARCH_USER_PATHS = NO;
				CLANG_ANALYZER_NONNULL = YES;
				CLANG_ANALYZER_NUMBER_OBJECT_CONVERSION = YES_AGGRESSIVE;
				CLANG_CXX_LANGUAGE_STANDARD = "gnu++14";
				CLANG_CXX_LIBRARY = "libc++";
				CLANG_ENABLE_MODULES = YES;
				CLANG_ENABLE_OBJC_ARC = YES;
				CLANG_ENABLE_OBJC_WEAK = YES;
				CLANG_WARN_BLOCK_CAPTURE_AUTORELEASING = YES;
				CLANG_WARN_BOOL_CONVERSION = YES;
				CLANG_WARN_COMMA = YES;
				CLANG_WARN_CONSTANT_CONVERSION = YES;
				CLANG_WARN_DEPRECATED_OBJC_IMPLEMENTATIONS = YES;
				CLANG_WARN_DIRECT_OBJC_ISA_USAGE = YES_ERROR;
				CLANG_WARN_DOCUMENTATION_COMMENTS = YES;
				CLANG_WARN_EMPTY_BODY = YES;
				CLANG_WARN_ENUM_CONVERSION = YES;
				CLANG_WARN_INFINITE_RECURSION = YES;
				CLANG_WARN_INT_CONVERSION = YES;
				CLANG_WARN_NON_LITERAL_NULL_CONVERSION = YES;
				CLANG_WARN_OBJC_IMPLICIT_RETAIN_SELF = YES;
				CLANG_WARN_OBJC_LITERAL_CONVERSION = YES;
				CLANG_WARN_OBJC_ROOT_CLASS = YES_ERROR;
				CLANG_WARN_RANGE_LOOP_ANALYSIS = YES;
				CLANG_WARN_STRICT_PROTOTYPES = YES;
				CLANG_WARN_SUSPICIOUS_MOVE = YES;
				CLANG_WARN_UNGUARDED_AVAILABILITY = YES_AGGRESSIVE;
				CLANG_WARN_UNREACHABLE_CODE = YES;
				CLANG_WARN__DUPLICATE_METHOD_MATCH = YES;
				CODE_SIGN_IDENTITY = "iPhone Developer";
				COPY_PHASE_STRIP = NO;
				DEBUG_INFORMATION_FORMAT = "dwarf-with-dsym";
				ENABLE_NS_ASSERTIONS = NO;
				ENABLE_STRICT_OBJC_MSGSEND = YES;
				GCC_C_LANGUAGE_STANDARD = gnu11;
				GCC_NO_COMMON_BLOCKS = YES;
				GCC_WARN_64_TO_32_BIT_CONVERSION = YES;
				GCC_WARN_ABOUT_RETURN_TYPE = YES_ERROR;
				GCC_WARN_UNDECLARED_SELECTOR = YES;
				GCC_WARN_UNINITIALIZED_AUTOS = YES_AGGRESSIVE;
				GCC_WARN_UNUSED_FUNCTION = YES;
				GCC_WARN_UNUSED_VARIABLE = YES;
				IPHONEOS_DEPLOYMENT_TARGET = 11.3;
				MTL_ENABLE_DEBUG_INFO = NO;
				SDKROOT = iphoneos;
				VALIDATE_PRODUCT = YES;
			};
			name = Release;
		};
		01A10FB1208E63E700382781 /* Debug */ = {
			isa = XCBuildConfiguration;
			buildSettings = {
				ASSETCATALOG_COMPILER_APPICON_NAME = AppIcon;
				CODE_SIGN_STYLE = Automatic;
				INFOPLIST_FILE = "$(SRCROOT)/MultithreadDemo/Resources/Info.plist";
				LD_RUNPATH_SEARCH_PATHS = (
					"$(inherited)",
					"@executable_path/Frameworks",
				);
				PRODUCT_BUNDLE_IDENTIFIER = com.Dino.MultithreadDemo;
				PRODUCT_NAME = "$(TARGET_NAME)";
				TARGETED_DEVICE_FAMILY = "1,2";
			};
			name = Debug;
		};
		01A10FB2208E63E700382781 /* Release */ = {
			isa = XCBuildConfiguration;
			buildSettings = {
				ASSETCATALOG_COMPILER_APPICON_NAME = AppIcon;
				CODE_SIGN_STYLE = Automatic;
				INFOPLIST_FILE = "$(SRCROOT)/MultithreadDemo/Resources/Info.plist";
				LD_RUNPATH_SEARCH_PATHS = (
					"$(inherited)",
					"@executable_path/Frameworks",
				);
				PRODUCT_BUNDLE_IDENTIFIER = com.Dino.MultithreadDemo;
				PRODUCT_NAME = "$(TARGET_NAME)";
				TARGETED_DEVICE_FAMILY = "1,2";
			};
			name = Release;
		};
		01A10FB4208E63E700382781 /* Debug */ = {
			isa = XCBuildConfiguration;
			buildSettings = {
				BUNDLE_LOADER = "$(TEST_HOST)";
				CODE_SIGN_STYLE = Automatic;
				INFOPLIST_FILE = MultithreadDemoTests/Info.plist;
				LD_RUNPATH_SEARCH_PATHS = (
					"$(inherited)",
					"@executable_path/Frameworks",
					"@loader_path/Frameworks",
				);
				PRODUCT_BUNDLE_IDENTIFIER = com.Dino.MultithreadDemoTests;
				PRODUCT_NAME = "$(TARGET_NAME)";
				TARGETED_DEVICE_FAMILY = "1,2";
				TEST_HOST = "$(BUILT_PRODUCTS_DIR)/MultithreadDemo.app/MultithreadDemo";
			};
			name = Debug;
		};
		01A10FB5208E63E700382781 /* Release */ = {
			isa = XCBuildConfiguration;
			buildSettings = {
				BUNDLE_LOADER = "$(TEST_HOST)";
				CODE_SIGN_STYLE = Automatic;
				INFOPLIST_FILE = MultithreadDemoTests/Info.plist;
				LD_RUNPATH_SEARCH_PATHS = (
					"$(inherited)",
					"@executable_path/Frameworks",
					"@loader_path/Frameworks",
				);
				PRODUCT_BUNDLE_IDENTIFIER = com.Dino.MultithreadDemoTests;
				PRODUCT_NAME = "$(TARGET_NAME)";
				TARGETED_DEVICE_FAMILY = "1,2";
				TEST_HOST = "$(BUILT_PRODUCTS_DIR)/MultithreadDemo.app/MultithreadDemo";
			};
			name = Release;
		};
		01A10FB7208E63E700382781 /* Debug */ = {
			isa = XCBuildConfiguration;
			buildSettings = {
				CODE_SIGN_STYLE = Automatic;
				INFOPLIST_FILE = MultithreadDemoUITests/Info.plist;
				LD_RUNPATH_SEARCH_PATHS = (
					"$(inherited)",
					"@executable_path/Frameworks",
					"@loader_path/Frameworks",
				);
				PRODUCT_BUNDLE_IDENTIFIER = com.Dino.MultithreadDemoUITests;
				PRODUCT_NAME = "$(TARGET_NAME)";
				TARGETED_DEVICE_FAMILY = "1,2";
				TEST_TARGET_NAME = MultithreadDemo;
			};
			name = Debug;
		};
		01A10FB8208E63E700382781 /* Release */ = {
			isa = XCBuildConfiguration;
			buildSettings = {
				CODE_SIGN_STYLE = Automatic;
				INFOPLIST_FILE = MultithreadDemoUITests/Info.plist;
				LD_RUNPATH_SEARCH_PATHS = (
					"$(inherited)",
					"@executable_path/Frameworks",
					"@loader_path/Frameworks",
				);
				PRODUCT_BUNDLE_IDENTIFIER = com.Dino.MultithreadDemoUITests;
				PRODUCT_NAME = "$(TARGET_NAME)";
				TARGETED_DEVICE_FAMILY = "1,2";
				TEST_TARGET_NAME = MultithreadDemo;
			};
			name = Release;
		};
/* End XCBuildConfiguration section */

/* Begin XCConfigurationList section */
		01A10F7F208E63E600382781 /* Build configuration list for PBXProject "MultithreadDemo" */ = {
			isa = XCConfigurationList;
			buildConfigurations = (
				01A10FAE208E63E700382781 /* Debug */,
				01A10FAF208E63E700382781 /* Release */,
			);
			defaultConfigurationIsVisible = 0;
			defaultConfigurationName = Release;
		};
		01A10FB0208E63E700382781 /* Build configuration list for PBXNativeTarget "MultithreadDemo" */ = {
			isa = XCConfigurationList;
			buildConfigurations = (
				01A10FB1208E63E700382781 /* Debug */,
				01A10FB2208E63E700382781 /* Release */,
			);
			defaultConfigurationIsVisible = 0;
			defaultConfigurationName = Release;
		};
		01A10FB3208E63E700382781 /* Build configuration list for PBXNativeTarget "MultithreadDemoTests" */ = {
			isa = XCConfigurationList;
			buildConfigurations = (
				01A10FB4208E63E700382781 /* Debug */,
				01A10FB5208E63E700382781 /* Release */,
			);
			defaultConfigurationIsVisible = 0;
			defaultConfigurationName = Release;
		};
		01A10FB6208E63E700382781 /* Build configuration list for PBXNativeTarget "MultithreadDemoUITests" */ = {
			isa = XCConfigurationList;
			buildConfigurations = (
				01A10FB7208E63E700382781 /* Debug */,
				01A10FB8208E63E700382781 /* Release */,
			);
			defaultConfigurationIsVisible = 0;
			defaultConfigurationName = Release;
		};
/* End XCConfigurationList section */
	};
	rootObject = 01A10F7C208E63E600382781 /* Project object */;
}
